
Microsoft Visual Studio Solution File, Format Version 12.00
# Visual Studio Version 17
VisualStudioVersion = 17.13.35913.81
MinimumVisualStudioVersion = 10.0.40219.1
Project("{FAE04EC0-301F-11D3-BF4B-00C04F79EFBC}") = "APIBackeEnd", "APIBackeEnd\APIBackeEnd\APIBackeEnd.csproj", "{389F58B6-40FE-47B0-B4C9-255A094FC501}"
EndProject
Project("{FAE04EC0-301F-11D3-BF4B-00C04F79EFBC}") = "APIBackeEnd.Client", "APIBackeEnd\APIBackeEnd.Client\APIBackeEnd.Client.csproj", "{88163D09-34E9-4ABE-B594-BFDCA8D8F61C}"
EndProject
Project("{2150E333-8FDC-42A3-9474-1A3956D46DE8}") = "src", "src", "{02EA681E-C7D8-13C7-8484-4AC65E1B71E8}"
EndProject
Project("{FAE04EC0-301F-11D3-BF4B-00C04F79EFBC}") = "Factory", "Factory\Factory.csproj", "{3AC420CF-3986-0CBE-3127-D743541D50CE}"
EndProject
Project("{FAE04EC0-301F-11D3-BF4B-00C04F79EFBC}") = "Services", "Services\Services.csproj", "{97207750-6972-232F-BB7B-6106666106AF}"
EndProject
Project("{FAE04EC0-301F-11D3-BF4B-00C04F79EFBC}") = "AshesMapBib", "AshesMapBib\AshesMapBib.csproj", "{246654A5-4762-3BE7-6EF4-E0FD49675411}"
EndProject
Project("{FAE04EC0-301F-11D3-BF4B-00C04F79EFBC}") = "FrontUI", "FrontUI\FrontUI.csproj", "{0AE588DC-FB1D-70CD-CB20-300F43C08E33}"
EndProject
Project("{FAE04EC0-301F-11D3-BF4B-00C04F79EFBC}") = "BabylonMap", "BabylonFront\BabylonMap\BabylonMap.csproj", "{37716E2E-D36C-D06D-E90C-C972872FB2AB}"
EndProject
Project("{FAE04EC0-301F-11D3-BF4B-00C04F79EFBC}") = "AOCPwa", "BabylonFront\AOCPwa\AOCPwa.csproj", "{605D6E66-5675-FC89-B676-1E0813DD2AFE}"
EndProject
Global
	GlobalSection(SolutionConfigurationPlatforms) = preSolution
		Debug|Any CPU = Debug|Any CPU
		Release|Any CPU = Release|Any CPU
	EndGlobalSection
	GlobalSection(ProjectConfigurationPlatforms) = postSolution
		{389F58B6-40FE-47B0-B4C9-255A094FC501}.Debug|Any CPU.ActiveCfg = Debug|Any CPU
		{389F58B6-40FE-47B0-B4C9-255A094FC501}.Debug|Any CPU.Build.0 = Debug|Any CPU
		{389F58B6-40FE-47B0-B4C9-255A094FC501}.Release|Any CPU.ActiveCfg = Release|Any CPU
		{389F58B6-40FE-47B0-B4C9-255A094FC501}.Release|Any CPU.Build.0 = Release|Any CPU
		{88163D09-34E9-4ABE-B594-BFDCA8D8F61C}.Debug|Any CPU.ActiveCfg = Debug|Any CPU
		{88163D09-34E9-4ABE-B594-BFDCA8D8F61C}.Debug|Any CPU.Build.0 = Debug|Any CPU
		{88163D09-34E9-4ABE-B594-BFDCA8D8F61C}.Release|Any CPU.ActiveCfg = Release|Any CPU
		{88163D09-34E9-4ABE-B594-BFDCA8D8F61C}.Release|Any CPU.Build.0 = Release|Any CPU
		{3AC420CF-3986-0CBE-3127-D743541D50CE}.Debug|Any CPU.ActiveCfg = Debug|Any CPU
		{3AC420CF-3986-0CBE-3127-D743541D50CE}.Debug|Any CPU.Build.0 = Debug|Any CPU
		{3AC420CF-3986-0CBE-3127-D743541D50CE}.Release|Any CPU.ActiveCfg = Release|Any CPU
		{3AC420CF-3986-0CBE-3127-D743541D50CE}.Release|Any CPU.Build.0 = Release|Any CPU
		{97207750-6972-232F-BB7B-6106666106AF}.Debug|Any CPU.ActiveCfg = Debug|Any CPU
		{97207750-6972-232F-BB7B-6106666106AF}.Debug|Any CPU.Build.0 = Debug|Any CPU
		{97207750-6972-232F-BB7B-6106666106AF}.Release|Any CPU.ActiveCfg = Release|Any CPU
		{97207750-6972-232F-BB7B-6106666106AF}.Release|Any CPU.Build.0 = Release|Any CPU
		{246654A5-4762-3BE7-6EF4-E0FD49675411}.Debug|Any CPU.ActiveCfg = Debug|Any CPU
		{246654A5-4762-3BE7-6EF4-E0FD49675411}.Debug|Any CPU.Build.0 = Debug|Any CPU
		{246654A5-4762-3BE7-6EF4-E0FD49675411}.Release|Any CPU.ActiveCfg = Release|Any CPU
		{246654A5-4762-3BE7-6EF4-E0FD49675411}.Release|Any CPU.Build.0 = Release|Any CPU
		{0AE588DC-FB1D-70CD-CB20-300F43C08E33}.Debug|Any CPU.ActiveCfg = Debug|Any CPU
		{0AE588DC-FB1D-70CD-CB20-300F43C08E33}.Debug|Any CPU.Build.0 = Debug|Any CPU
		{0AE588DC-FB1D-70CD-CB20-300F43C08E33}.Release|Any CPU.ActiveCfg = Release|Any CPU
		{0AE588DC-FB1D-70CD-CB20-300F43C08E33}.Release|Any CPU.Build.0 = Release|Any CPU
		{37716E2E-D36C-D06D-E90C-C972872FB2AB}.Debug|Any CPU.ActiveCfg = Debug|Any CPU
		{37716E2E-D36C-D06D-E90C-C972872FB2AB}.Debug|Any CPU.Build.0 = Debug|Any CPU
		{37716E2E-D36C-D06D-E90C-C972872FB2AB}.Release|Any CPU.ActiveCfg = Release|Any CPU
		{37716E2E-D36C-D06D-E90C-C972872FB2AB}.Release|Any CPU.Build.0 = Release|Any CPU
		{605D6E66-5675-FC89-B676-1E0813DD2AFE}.Debug|Any CPU.ActiveCfg = Debug|Any CPU
		{605D6E66-5675-FC89-B676-1E0813DD2AFE}.Debug|Any CPU.Build.0 = Debug|Any CPU
		{605D6E66-5675-FC89-B676-1E0813DD2AFE}.Release|Any CPU.ActiveCfg = Release|Any CPU
		{605D6E66-5675-FC89-B676-1E0813DD2AFE}.Release|Any CPU.Build.0 = Release|Any CPU
	EndGlobalSection
	GlobalSection(SolutionProperties) = preSolution
		HideSolutionNode = FALSE
	EndGlobalSection
	GlobalSection(NestedProjects) = preSolution
		{3AC420CF-3986-0CBE-3127-D743541D50CE} = {02EA681E-C7D8-13C7-8484-4AC65E1B71E8}
		{97207750-6972-232F-BB7B-6106666106AF} = {02EA681E-C7D8-13C7-8484-4AC65E1B71E8}
		{246654A5-4762-3BE7-6EF4-E0FD49675411} = {02EA681E-C7D8-13C7-8484-4AC65E1B71E8}
		{0AE588DC-FB1D-70CD-CB20-300F43C08E33} = {02EA681E-C7D8-13C7-8484-4AC65E1B71E8}
	EndGlobalSection
	GlobalSection(ExtensibilityGlobals) = postSolution
		SolutionGuid = {B44CD7DD-C9F1-4D7A-9C6A-68A8766C17D1}
	EndGlobalSection
EndGlobal
